
Microsoft Visual Studio Solution File, Format Version 12.00
# Visual Studio 15
VisualStudioVersion = 15.0.28010.2026
MinimumVisualStudioVersion = 10.0.40219.1
Project("{FAE04EC0-301F-11D3-BF4B-00C04F79EFBC}") = "POC.WebApplication", "POC.WebApplication\POC.WebApplication.csproj", "{17442AE5-BAA9-49D6-B0B9-F78D33CC464D}"
EndProject
Global
	GlobalSection(SolutionConfigurationPlatforms) = preSolution
		Debug|Any CPU = Debug|Any CPU
		Release|Any CPU = Release|Any CPU
	EndGlobalSection
	GlobalSection(ProjectConfigurationPlatforms) = postSolution
		{17442AE5-BAA9-49D6-B0B9-F78D33CC464D}.Debug|Any CPU.ActiveCfg = Debug|Any CPU
		{17442AE5-BAA9-49D6-B0B9-F78D33CC464D}.Debug|Any CPU.Build.0 = Debug|Any CPU
		{17442AE5-BAA9-49D6-B0B9-F78D33CC464D}.Release|Any CPU.ActiveCfg = Release|Any CPU
		{17442AE5-BAA9-49D6-B0B9-F78D33CC464D}.Release|Any CPU.Build.0 = Release|Any CPU
	EndGlobalSection
	GlobalSection(SolutionProperties) = preSolution
		HideSolutionNode = FALSE
	EndGlobalSection
	GlobalSection(ExtensibilityGlobals) = postSolution
		SolutionGuid = {F50A714B-FA64-419D-8D2C-2C72E880FEF4}
	EndGlobalSection
EndGlobal
